<Solution>
  <Folder Name="/src/">
    <Project Path="src/Broker/Broker.csproj" />
    <Project Path="src/Contracts/Contracts.csproj" />
    <Project Path="src/Domain/Domain.csproj" />
    <Project Path="src/Infrastructure/Infrastructure.csproj" />
    <Project Path="src/Runtime/Runtime.csproj" />
  </Folder>
  <Folder Name="/tests/">
    <Project Path="tests/Broker/Broker.csproj" />
    <Project Path="tests/Domain/Domain.csproj" />
    <Project Path="tests/Infrastructure/Infrastructure.csproj" />
    <Project Path="tests/Runtime/Runtime.csproj" />
  </Folder>
</Solution>
